{
    "_readme": [
        "This file locks the dependencies of your project to a known state",
        "Read more about it at https://getcomposer.org/doc/01-basic-usage.md#composer-lock-the-lock-file",
        "This file is @generated automatically"
    ],
    "hash": "b0a54dbfa1258c8c8f00c6b0f9602b17",
    "content-hash": "ac49b8fe02139628994d31f4fb7c97f5",
    "packages": [
        {
            "name": "pmvc-plugin/file_info",
            "version": "dev-master",
            "source": {
                "type": "git",
                "url": "https://github.com/pmvc-plugin/file_info.git",
                "reference": "e0b78031ea30620b98be3425241bd78408c7da44"
            },
            "dist": {
                "type": "zip",
                "url": "https://api.github.com/repos/pmvc-plugin/file_info/zipball/e0b78031ea30620b98be3425241bd78408c7da44",
                "reference": "e0b78031ea30620b98be3425241bd78408c7da44",
                "shasum": ""
            },
            "require": {
                "pmvc/pmvc": "*"
            },
            "type": "library",
            "notification-url": "https://packagist.org/downloads/",
            "license": [
                "MIT"
            ],
            "authors": [
                {
                    "name": "Hill",
                    "email": "hill@kimo.com"
                }
            ],
            "description": "PMVC Plugin for File information",
            "keywords": [
                "file",
                "plug-in",
                "pmvc"
            ],
            "time": "2016-06-26 10:05:45"
        },
        {
            "name": "pmvc-plugin/file_list",
            "version": "dev-master",
            "source": {
                "type": "git",
                "url": "https://github.com/pmvc-plugin/file_list.git",
                "reference": "87aeaee5d5cebbd27dcdc094a030561ad241dd13"
            },
            "dist": {
                "type": "zip",
                "url": "https://api.github.com/repos/pmvc-plugin/file_list/zipball/87aeaee5d5cebbd27dcdc094a030561ad241dd13",
                "reference": "87aeaee5d5cebbd27dcdc094a030561ad241dd13",
                "shasum": ""
            },
            "require": {
                "pmvc-plugin/file_info": "*",
                "pmvc/pmvc": "*"
            },
            "type": "library",
            "notification-url": "https://packagist.org/downloads/",
            "license": [
                "MIT"
            ],
            "authors": [
                {
                    "name": "Hill",
                    "email": "hill@kimo.com"
                }
            ],
            "description": "A library let you easy get all file in one specific folder",
            "homepage": "https://github.com/pmvc-plugin/file_list",
            "keywords": [
                "file",
                "plug",
                "plug-in",
                "pmvc"
            ],
            "time": "2016-04-04 18:39:53"
        },
        {
            "name": "pmvc/pmvc",
            "version": "dev-master",
            "source": {
                "type": "git",
                "url": "https://github.com/pmvc/pmvc.git",
                "reference": "8f96e474627a18be97a3942283608fa612624f51"
            },
            "dist": {
                "type": "zip",
                "url": "https://api.github.com/repos/pmvc/pmvc/zipball/8f96e474627a18be97a3942283608fa612624f51",
                "reference": "8f96e474627a18be97a3942283608fa612624f51",
                "shasum": ""
            },
            "require": {
                "php": ">=5.5.0"
            },
            "require-dev": {
                "squizlabs/php_codesniffer": "@stable"
            },
            "type": "library",
            "autoload": {
                "psr-4": {
                    "PMVC\\": "src"
                }
            },
            "notification-url": "https://packagist.org/downloads/",
            "license": [
                "MIT"
            ],
            "authors": [
                {
                    "name": "Hill",
                    "email": "hill@kimo.com"
                }
            ],
            "description": "Pure plugin framework (PMVC7), use anything you like. No mvc, http inside.",
            "keywords": [
                "framework",
                "mvc",
                "phramework",
                "plug",
                "plug-in",
                "pmvc"
            ],
            "time": "2016-08-23 19:33:23"
        }
    ],
    "packages-dev": [],
    "aliases": [],
    "minimum-stability": "dev",
    "stability-flags": [],
    "prefer-stable": false,
    "prefer-lowest": false,
    "platform": [],
    "platform-dev": []
}
